# This file is automatically @generated by Cargo.
# It is not intended for manual editing.
[[package]]
name = "advent-of-code-2020"
version = "0.1.0"
dependencies = [
 "bytecount",
]

[[package]]
name = "bytecount"
version = "0.6.2"
source = "registry+https://github.com/rust-lang/crates.io-index"
checksum = "72feb31ffc86498dacdbd0fcebb56138e7177a8cc5cea4516031d15ae85a742e"
